
Microsoft Visual Studio Solution File, Format Version 12.00
# Visual Studio Version 16
VisualStudioVersion = 16.0.31025.194
MinimumVisualStudioVersion = 10.0.40219.1
Project("{FAE04EC0-301F-11D3-BF4B-00C04F79EFBC}") = "PageantRelayNamedPipe", "PageantRelayNamedPipe.csproj", "{97F3524C-4770-43D4-BE6C-5FE00A6645E6}"
EndProject
Global
	GlobalSection(SolutionConfigurationPlatforms) = preSolution
		Debug|Any CPU = Debug|Any CPU
		Release|Any CPU = Release|Any CPU
	EndGlobalSection
	GlobalSection(ProjectConfigurationPlatforms) = postSolution
		{97F3524C-4770-43D4-BE6C-5FE00A6645E6}.Debug|Any CPU.ActiveCfg = Debug|Any CPU
		{97F3524C-4770-43D4-BE6C-5FE00A6645E6}.Debug|Any CPU.Build.0 = Debug|Any CPU
		{97F3524C-4770-43D4-BE6C-5FE00A6645E6}.Release|Any CPU.ActiveCfg = Release|Any CPU
		{97F3524C-4770-43D4-BE6C-5FE00A6645E6}.Release|Any CPU.Build.0 = Release|Any CPU
	EndGlobalSection
	GlobalSection(SolutionProperties) = preSolution
		HideSolutionNode = FALSE
	EndGlobalSection
	GlobalSection(ExtensibilityGlobals) = postSolution
		SolutionGuid = {F64C315E-C82C-4E80-8E09-A5DECEEEA765}
	EndGlobalSection
EndGlobal
